<?xml version="1.0" encoding="utf-8"?>
<Project ToolsVersion="4.0" xmlns="http://schemas.microsoft.com/developer/msbuild/2003">
  <ItemGroup>
    <ClCompile Include="OSMain.cpp" />
    <ClCompile Include="MaltConsole.cpp" />
  </ItemGroup>
  <ItemGroup>
    <ClInclude Include="MultiBootInfo.h" />
    <ClInclude Include="MaltConsole.h" />
  </ItemGroup>
</Project>